
Microsoft Visual Studio Solution File, Format Version 12.00
# Visual Studio Version 16
VisualStudioVersion = 16.0.30128.74
MinimumVisualStudioVersion = 10.0.40219.1
Project("{9A19103F-16F7-4668-BE54-9A1E7A4F7556}") = "TimeManagementApp", "TimeManagementApp.csproj", "{BA19B55A-4C04-4D76-9E05-AB80D521C4EC}"
EndProject
Project("{FAE04EC0-301F-11D3-BF4B-00C04F79EFBC}") = "TimeManagementApp.Tests", "TimeManagementApp.Tests\TimeManagementApp.Tests.csproj", "{1BB9B234-6F83-4644-8578-E014898A458C}"
EndProject
Global
	GlobalSection(SolutionConfigurationPlatforms) = preSolution
		Debug|Any CPU = Debug|Any CPU
		Release|Any CPU = Release|Any CPU
	EndGlobalSection
	GlobalSection(ProjectConfigurationPlatforms) = postSolution
		{BA19B55A-4C04-4D76-9E05-AB80D521C4EC}.Debug|Any CPU.ActiveCfg = Debug|Any CPU
		{BA19B55A-4C04-4D76-9E05-AB80D521C4EC}.Debug|Any CPU.Build.0 = Debug|Any CPU
		{BA19B55A-4C04-4D76-9E05-AB80D521C4EC}.Release|Any CPU.ActiveCfg = Release|Any CPU
		{BA19B55A-4C04-4D76-9E05-AB80D521C4EC}.Release|Any CPU.Build.0 = Release|Any CPU
		{1BB9B234-6F83-4644-8578-E014898A458C}.Debug|Any CPU.ActiveCfg = Debug|Any CPU
		{1BB9B234-6F83-4644-8578-E014898A458C}.Debug|Any CPU.Build.0 = Debug|Any CPU
		{1BB9B234-6F83-4644-8578-E014898A458C}.Release|Any CPU.ActiveCfg = Release|Any CPU
		{1BB9B234-6F83-4644-8578-E014898A458C}.Release|Any CPU.Build.0 = Release|Any CPU
	EndGlobalSection
	GlobalSection(SolutionProperties) = preSolution
		HideSolutionNode = FALSE
	EndGlobalSection
	GlobalSection(ExtensibilityGlobals) = postSolution
		SolutionGuid = {B2D91308-CA91-4325-B55F-81812152E63E}
	EndGlobalSection
EndGlobal
